
Microsoft Visual Studio Solution File, Format Version 12.00
# Visual Studio 15
VisualStudioVersion = 15.0.27703.2035
MinimumVisualStudioVersion = 10.0.40219.1
Project("{FAE04EC0-301F-11D3-BF4B-00C04F79EFBC}") = "CSharpDateTimeConsoleApp", "CSharpDateTimeConsoleApp\CSharpDateTimeConsoleApp.csproj", "{F6576F7A-4548-49F4-AB77-83E915A19E8A}"
EndProject
Global
	GlobalSection(SolutionConfigurationPlatforms) = preSolution
		Debug|Any CPU = Debug|Any CPU
		Release|Any CPU = Release|Any CPU
	EndGlobalSection
	GlobalSection(ProjectConfigurationPlatforms) = postSolution
		{F6576F7A-4548-49F4-AB77-83E915A19E8A}.Debug|Any CPU.ActiveCfg = Debug|Any CPU
		{F6576F7A-4548-49F4-AB77-83E915A19E8A}.Debug|Any CPU.Build.0 = Debug|Any CPU
		{F6576F7A-4548-49F4-AB77-83E915A19E8A}.Release|Any CPU.ActiveCfg = Release|Any CPU
		{F6576F7A-4548-49F4-AB77-83E915A19E8A}.Release|Any CPU.Build.0 = Release|Any CPU
	EndGlobalSection
	GlobalSection(SolutionProperties) = preSolution
		HideSolutionNode = FALSE
	EndGlobalSection
	GlobalSection(ExtensibilityGlobals) = postSolution
		SolutionGuid = {80CEB052-B815-4C1D-8204-6B657E08A2F2}
	EndGlobalSection
EndGlobal
